
Microsoft Visual Studio Solution File, Format Version 12.00
# Visual Studio Version 17
VisualStudioVersion = 17.0.31919.166
MinimumVisualStudioVersion = 10.0.40219.1
Project("{FAE04EC0-301F-11D3-BF4B-00C04F79EFBC}") = "Programmers Day", "Programmers Day\Programmers Day.csproj", "{7B2665B4-36AE-4665-8FA3-F38975CC5CF2}"
EndProject
Global
	GlobalSection(SolutionConfigurationPlatforms) = preSolution
		Debug|Any CPU = Debug|Any CPU
		Release|Any CPU = Release|Any CPU
	EndGlobalSection
	GlobalSection(ProjectConfigurationPlatforms) = postSolution
		{7B2665B4-36AE-4665-8FA3-F38975CC5CF2}.Debug|Any CPU.ActiveCfg = Debug|Any CPU
		{7B2665B4-36AE-4665-8FA3-F38975CC5CF2}.Debug|Any CPU.Build.0 = Debug|Any CPU
		{7B2665B4-36AE-4665-8FA3-F38975CC5CF2}.Release|Any CPU.ActiveCfg = Release|Any CPU
		{7B2665B4-36AE-4665-8FA3-F38975CC5CF2}.Release|Any CPU.Build.0 = Release|Any CPU
	EndGlobalSection
	GlobalSection(SolutionProperties) = preSolution
		HideSolutionNode = FALSE
	EndGlobalSection
	GlobalSection(ExtensibilityGlobals) = postSolution
		SolutionGuid = {E5652379-18D6-47E7-B3F0-F9B1BB32F881}
	EndGlobalSection
EndGlobal
